
Microsoft Visual Studio Solution File, Format Version 12.00
# Visual Studio Version 17
VisualStudioVersion = 17.2.32505.173
MinimumVisualStudioVersion = 10.0.40219.1
Project("{FAE04EC0-301F-11D3-BF4B-00C04F79EFBC}") = "SMS Service", "SMS Service\SMS Service.csproj", "{32D2E78D-BE73-4ABA-A6E5-19EFC952F92C}"
EndProject
Project("{FAE04EC0-301F-11D3-BF4B-00C04F79EFBC}") = "SMSService.Core", "SMSService.Core\SMSService.Core.csproj", "{4CDD2B78-5AD3-4830-8D6D-C630E5F65B3B}"
EndProject
Project("{FAE04EC0-301F-11D3-BF4B-00C04F79EFBC}") = "SMSService.Data", "SMSService.Data\SMSService.Data.csproj", "{5E5EB97C-1862-4CCA-B87B-9A113B777D5C}"
EndProject
Project("{FAE04EC0-301F-11D3-BF4B-00C04F79EFBC}") = "SMSService.Services", "SMSService.Services\SMSService.Services.csproj", "{BEF42828-D687-4AD0-B2CC-093D7E6104AF}"
EndProject
Global
	GlobalSection(SolutionConfigurationPlatforms) = preSolution
		Debug|Any CPU = Debug|Any CPU
		Release|Any CPU = Release|Any CPU
	EndGlobalSection
	GlobalSection(ProjectConfigurationPlatforms) = postSolution
		{32D2E78D-BE73-4ABA-A6E5-19EFC952F92C}.Debug|Any CPU.ActiveCfg = Debug|Any CPU
		{32D2E78D-BE73-4ABA-A6E5-19EFC952F92C}.Debug|Any CPU.Build.0 = Debug|Any CPU
		{32D2E78D-BE73-4ABA-A6E5-19EFC952F92C}.Release|Any CPU.ActiveCfg = Release|Any CPU
		{32D2E78D-BE73-4ABA-A6E5-19EFC952F92C}.Release|Any CPU.Build.0 = Release|Any CPU
		{4CDD2B78-5AD3-4830-8D6D-C630E5F65B3B}.Debug|Any CPU.ActiveCfg = Debug|Any CPU
		{4CDD2B78-5AD3-4830-8D6D-C630E5F65B3B}.Debug|Any CPU.Build.0 = Debug|Any CPU
		{4CDD2B78-5AD3-4830-8D6D-C630E5F65B3B}.Release|Any CPU.ActiveCfg = Release|Any CPU
		{4CDD2B78-5AD3-4830-8D6D-C630E5F65B3B}.Release|Any CPU.Build.0 = Release|Any CPU
		{5E5EB97C-1862-4CCA-B87B-9A113B777D5C}.Debug|Any CPU.ActiveCfg = Debug|Any CPU
		{5E5EB97C-1862-4CCA-B87B-9A113B777D5C}.Debug|Any CPU.Build.0 = Debug|Any CPU
		{5E5EB97C-1862-4CCA-B87B-9A113B777D5C}.Release|Any CPU.ActiveCfg = Release|Any CPU
		{5E5EB97C-1862-4CCA-B87B-9A113B777D5C}.Release|Any CPU.Build.0 = Release|Any CPU
		{BEF42828-D687-4AD0-B2CC-093D7E6104AF}.Debug|Any CPU.ActiveCfg = Debug|Any CPU
		{BEF42828-D687-4AD0-B2CC-093D7E6104AF}.Debug|Any CPU.Build.0 = Debug|Any CPU
		{BEF42828-D687-4AD0-B2CC-093D7E6104AF}.Release|Any CPU.ActiveCfg = Release|Any CPU
		{BEF42828-D687-4AD0-B2CC-093D7E6104AF}.Release|Any CPU.Build.0 = Release|Any CPU
	EndGlobalSection
	GlobalSection(SolutionProperties) = preSolution
		HideSolutionNode = FALSE
	EndGlobalSection
	GlobalSection(ExtensibilityGlobals) = postSolution
		SolutionGuid = {66D1172F-F35E-4606-BFE1-E59F61B5DD9D}
	EndGlobalSection
EndGlobal
